{
  "name": "izzypsonn-wiki",
  "version": "1.0.0",
  "lockfileVersion": 3,
  "requires": true,
  "packages": {
    "": {
      "name": "izzypsonn-wiki",
      "version": "1.0.0",
      "dependencies": {
        "wikiparser-node": "^1.44.0"
      },
      "devDependencies": {}
    },
    "node_modules/@bhsd/cm-util": {
      "version": "2.2.0",
      "resolved": "https://registry.npmjs.org/@bhsd/cm-util/-/cm-util-2.2.0.tgz",
      "integrity": "sha512-2BbTYlTEw+3FGf2fXCSysLuGG8/lzU6nGTRjxdXt5FyaLPpH7OB/UQ5SS0wpHbv8pza0i2RvXrT2WV4e4ytSmg==",
      "license": "MIT",
      "engines": {
        "node": "^20.19.0 || ^22.13.0 || >=24.11.0"
      },
      "peerDependencies": {
        "monaco-editor": ">=0.11.0"
      },
      "peerDependenciesMeta": {
        "monaco-editor": {
          "optional": true
        }
      }
    },
    "node_modules/@bhsd/common": {
      "version": "2.2.1",
      "resolved": "https://registry.npmjs.org/@bhsd/common/-/common-2.2.1.tgz",
      "integrity": "sha512-sRR1wV9EBZaZMxgfqnGGHpyh6NfUPQ4Smp5dCdrSrOo+gci5FtDRAGcYSkzPQ1B76fShrpSxFqzhgezwy9Xclw==",
      "license": "MIT",
      "engines": {
        "node": "^20.19.0 || ^22.13.0 || >=24.11.0"
      }
    },
    "node_modules/@bhsd/nodejs": {
      "version": "1.0.1",
      "resolved": "https://registry.npmjs.org/@bhsd/nodejs/-/nodejs-1.0.1.tgz",
      "integrity": "sha512-s4rgoY0eW4jL1sodTl/b95cNVMUzm2VuP7mC6rCiq76sVeOp4MMaWl4iKAxGjmCauVAnVAwMMGL6B1DiK5ljYA==",
      "license": "MIT",
      "engines": {
        "node": "^20.19.0 || ^22.13.0 || >=24.11.0"
      }
    },
    "node_modules/@bhsd/stylelint-util": {
      "version": "1.1.0",
      "resolved": "https://registry.npmjs.org/@bhsd/stylelint-util/-/stylelint-util-1.1.0.tgz",
      "integrity": "sha512-ZIvUYsWS6gU1tK2FxbUS/t73gGiCPjnnmOKKmi9jPgHb7B7OkDXk1l5ThTHv01q1c3xMbqEn89o+222WzFJBKg==",
      "license": "MIT",
      "engines": {
        "node": "^20.19.0 || ^22.13.0 || >=24.11.0"
      },
      "peerDependencies": {
        "stylelint-config-recommended": "*"
      }
    },
    "node_modules/entities": {
      "version": "8.0.0",
      "resolved": "https://registry.npmjs.org/entities/-/entities-8.0.0.tgz",
      "integrity": "sha512-zwfzJecQ/Uej6tusMqwAqU/6KL2XaB2VZ2Jg54Je6ahNBGNH6Ek6g3jjNCF0fG9EWQKGZNddNjU5F1ZQn/sBnA==",
      "license": "BSD-2-Clause",
      "engines": {
        "node": ">=20.19.0"
      },
      "funding": {
        "url": "https://github.com/fb55/entities?sponsor=1"
      }
    },
    "node_modules/vscode-languageserver-types": {
      "version": "3.18.0",
      "resolved": "https://registry.npmjs.org/vscode-languageserver-types/-/vscode-languageserver-types-3.18.0.tgz",
      "integrity": "sha512-8TsGPNMIMiiBdkORgRSvLjuiEIiAFtO+KssmYWxQ+uSVvlf7RjK8YKCOjPzZ+YA04jXEV7+7LvkSmHkhpNS99g==",
      "license": "MIT"
    },
    "node_modules/wikiparser-node": {
      "version": "1.44.0",
      "resolved": "https://registry.npmjs.org/wikiparser-node/-/wikiparser-node-1.44.0.tgz",
      "integrity": "sha512-KsLcTi09RWESPqLcwT0n2g+Pz4Fp1FUK3ufcqIsZnW9KMmtX1mq69nhBLohsZ+tWhzrt8rHDucdRwwR4eKJ5hw==",
      "license": "GPL-3.0-or-later",
      "dependencies": {
        "@bhsd/cm-util": "^2.2.0",
        "@bhsd/common": "^2.2.1",
        "@bhsd/nodejs": "^1.0.1",
        "@bhsd/stylelint-util": "^1.1.0",
        "entities": "^8.0.0",
        "vscode-languageserver-types": "^3.17.5"
      },
      "bin": {
        "getParserConfig": "bin/config.js"
      },
      "engines": {
        "node": "^20.19.0 || ^22.13.0 || >=24.11.0"
      },
      "peerDependencies": {
        "color-name": ">=2.0.0",
        "katex": ">=0.14.0",
        "mathoid-texvcjs": ">=0.4.0",
        "mediawiki-expr": "*",
        "prism-wiki": ">=1.0.0",
        "prismjs": "^1.0.0",
        "stylelint": ">=16.0.0",
        "vscode-css-languageservice": ">=3.0.0",
        "vscode-html-languageservice": ">=3.1.0",
        "vscode-json-languageservice": ">=3.2.0"
      },
      "peerDependenciesMeta": {
        "color-name": {
          "optional": true
        },
        "katex": {
          "optional": true
        },
        "mathoid-texvcjs": {
          "optional": true
        },
        "mediawiki-expr": {
          "optional": true
        },
        "prism-wiki": {
          "optional": true
        },
        "prismjs": {
          "optional": true
        },
        "stylelint": {
          "optional": true
        },
        "vscode-css-languageservice": {
          "optional": true
        },
        "vscode-html-languageservice": {
          "optional": true
        },
        "vscode-json-languageservice": {
          "optional": true
        }
      }
    }
  }
}
